
Microsoft Visual Studio Solution File, Format Version 12.00
# Visual Studio 15
VisualStudioVersion = 15.0.27703.2035
MinimumVisualStudioVersion = 10.0.40219.1
Project("{FAE04EC0-301F-11D3-BF4B-00C04F79EFBC}") = "SimpleMath", "SimpleMath\SimpleMath.csproj", "{47CA7BD7-F662-482D-8710-0F25C8B50E4E}"
EndProject
Project("{FAE04EC0-301F-11D3-BF4B-00C04F79EFBC}") = "SimpleMath.App", "SimpleMath.App\SimpleMath.App.csproj", "{64F94568-8AB1-4192-A8CD-395496C2C734}"
EndProject
Global
	GlobalSection(SolutionConfigurationPlatforms) = preSolution
		Debug|Any CPU = Debug|Any CPU
		Release|Any CPU = Release|Any CPU
	EndGlobalSection
	GlobalSection(ProjectConfigurationPlatforms) = postSolution
		{47CA7BD7-F662-482D-8710-0F25C8B50E4E}.Debug|Any CPU.ActiveCfg = Debug|Any CPU
		{47CA7BD7-F662-482D-8710-0F25C8B50E4E}.Debug|Any CPU.Build.0 = Debug|Any CPU
		{47CA7BD7-F662-482D-8710-0F25C8B50E4E}.Release|Any CPU.ActiveCfg = Release|Any CPU
		{47CA7BD7-F662-482D-8710-0F25C8B50E4E}.Release|Any CPU.Build.0 = Release|Any CPU
		{64F94568-8AB1-4192-A8CD-395496C2C734}.Debug|Any CPU.ActiveCfg = Debug|Any CPU
		{64F94568-8AB1-4192-A8CD-395496C2C734}.Debug|Any CPU.Build.0 = Debug|Any CPU
		{64F94568-8AB1-4192-A8CD-395496C2C734}.Release|Any CPU.ActiveCfg = Release|Any CPU
		{64F94568-8AB1-4192-A8CD-395496C2C734}.Release|Any CPU.Build.0 = Release|Any CPU
	EndGlobalSection
	GlobalSection(SolutionProperties) = preSolution
		HideSolutionNode = FALSE
	EndGlobalSection
	GlobalSection(ExtensibilityGlobals) = postSolution
		SolutionGuid = {1222E57A-9144-4930-973F-4955A03787C3}
	EndGlobalSection
EndGlobal
